
Microsoft Visual Studio Solution File, Format Version 12.00
# Visual Studio 2013
VisualStudioVersion = 12.0.21005.1
MinimumVisualStudioVersion = 10.0.40219.1
Project("{FAE04EC0-301F-11D3-BF4B-00C04F79EFBC}") = "AfritopProperties", "AfritopProperties\AfritopProperties.csproj", "{D907D8DC-C416-4362-8690-53C373CE309D}"
EndProject
Global
	GlobalSection(SolutionConfigurationPlatforms) = preSolution
		Debug|Any CPU = Debug|Any CPU
		Release|Any CPU = Release|Any CPU
	EndGlobalSection
	GlobalSection(ProjectConfigurationPlatforms) = postSolution
		{D907D8DC-C416-4362-8690-53C373CE309D}.Debug|Any CPU.ActiveCfg = Debug|Any CPU
		{D907D8DC-C416-4362-8690-53C373CE309D}.Debug|Any CPU.Build.0 = Debug|Any CPU
		{D907D8DC-C416-4362-8690-53C373CE309D}.Release|Any CPU.ActiveCfg = Release|Any CPU
		{D907D8DC-C416-4362-8690-53C373CE309D}.Release|Any CPU.Build.0 = Release|Any CPU
	EndGlobalSection
	GlobalSection(SolutionProperties) = preSolution
		HideSolutionNode = FALSE
	EndGlobalSection
EndGlobal
